// !$*UTF8*$!
{
	archiveVersion = 1;
	classes = {
	};
	objectVersion = 56;
	objects = {

/* Begin PBXBuildFile section */
		8B3C96EB2A52B5F000A33546 /* VisionOSTestApp.swift in Sources */ = {isa = PBXBuildFile; fileRef = 8B3C96EA2A52B5F000A33546 /* VisionOSTestApp.swift */; };
		8B3C96ED2A52B5F000A33546 /* ContentView.swift in Sources */ = {isa = PBXBuildFile; fileRef = 8B3C96EC2A52B5F000A33546 /* ContentView.swift */; };
		8B3C96EF2A52B5F300A33546 /* Assets.xcassets in Resources */ = {isa = PBXBuildFile; fileRef = 8B3C96EE2A52B5F300A33546 /* Assets.xcassets */; };
		8B3C96F22A52B5F300A33546 /* Preview Assets.xcassets in Resources */ = {isa = PBXBuildFile; fileRef = 8B3C96F12A52B5F300A33546 /* Preview Assets.xcassets */; };
		8B3C96FC2A52B5F300A33546 /* VisionOSTestTests.swift in Sources */ = {isa = PBXBuildFile; fileRef = 8B3C96FB2A52B5F300A33546 /* VisionOSTestTests.swift */; };
		8B3C97062A52B5F300A33546 /* VisionOSTestUITests.swift in Sources */ = {isa = PBXBuildFile; fileRef = 8B3C97052A52B5F300A33546 /* VisionOSTestUITests.swift */; };
		8B3C97082A52B5F300A33546 /* VisionOSTestUITestsLaunchTests.swift in Sources */ = {isa = PBXBuildFile; fileRef = 8B3C97072A52B5F300A33546 /* VisionOSTestUITestsLaunchTests.swift */; };
/* End PBXBuildFile section */

/* Begin PBXContainerItemProxy section */
		8B3C96F82A52B5F300A33546 /* PBXContainerItemProxy */ = {
			isa = PBXContainerItemProxy;
			containerPortal = 8B3C96DF2A52B5F000A33546 /* Project object */;
			proxyType = 1;
			remoteGlobalIDString = 8B3C96E62A52B5F000A33546;
			remoteInfo = VisionOSTest;
		};
		8B3C97022A52B5F300A33546 /* PBXContainerItemProxy */ = {
			isa = PBXContainerItemProxy;
			containerPortal = 8B3C96DF2A52B5F000A33546 /* Project object */;
			proxyType = 1;
			remoteGlobalIDString = 8B3C96E62A52B5F000A33546;
			remoteInfo = VisionOSTest;
		};
/* End PBXContainerItemProxy section */

/* Begin PBXFileReference section */
		8B3C96E72A52B5F000A33546 /* VisionOSTest.app */ = {isa = PBXFileReference; explicitFileType = wrapper.application; includeInIndex = 0; path = VisionOSTest.app; sourceTree = BUILT_PRODUCTS_DIR; };
		8B3C96EA2A52B5F000A33546 /* VisionOSTestApp.swift */ = {isa = PBXFileReference; lastKnownFileType = sourcecode.swift; path = VisionOSTestApp.swift; sourceTree = "<group>"; };
		8B3C96EC2A52B5F000A33546 /* ContentView.swift */ = {isa = PBXFileReference; lastKnownFileType = sourcecode.swift; path = ContentView.swift; sourceTree = "<group>"; };
		8B3C96EE2A52B5F300A33546 /* Assets.xcassets */ = {isa = PBXFileReference; lastKnownFileType = folder.assetcatalog; path = Assets.xcassets; sourceTree = "<group>"; };
		8B3C96F12A52B5F300A33546 /* Preview Assets.xcassets */ = {isa = PBXFileReference; lastKnownFileType = folder.assetcatalog; path = "Preview Assets.xcassets"; sourceTree = "<group>"; };
		8B3C96F72A52B5F300A33546 /* VisionOSTestTests.xctest */ = {isa = PBXFileReference; explicitFileType = wrapper.cfbundle; includeInIndex = 0; path = VisionOSTestTests.xctest; sourceTree = BUILT_PRODUCTS_DIR; };
		8B3C96FB2A52B5F300A33546 /* VisionOSTestTests.swift */ = {isa = PBXFileReference; lastKnownFileType = sourcecode.swift; path = VisionOSTestTests.swift; sourceTree = "<group>"; };
		8B3C97012A52B5F300A33546 /* VisionOSTestUITests.xctest */ = {isa = PBXFileReference; explicitFileType = wrapper.cfbundle; includeInIndex = 0; path = VisionOSTestUITests.xctest; sourceTree = BUILT_PRODUCTS_DIR; };
		8B3C97052A52B5F300A33546 /* VisionOSTestUITests.swift */ = {isa = PBXFileReference; lastKnownFileType = sourcecode.swift; path = VisionOSTestUITests.swift; sourceTree = "<group>"; };
		8B3C97072A52B5F300A33546 /* VisionOSTestUITestsLaunchTests.swift */ = {isa = PBXFileReference; lastKnownFileType = sourcecode.swift; path = VisionOSTestUITestsLaunchTests.swift; sourceTree = "<group>"; };
/* End PBXFileReference section */

/* Begin PBXFrameworksBuildPhase section */
		8B3C96E42A52B5F000A33546 /* Frameworks */ = {
			isa = PBXFrameworksBuildPhase;
			buildActionMask = 2147483647;
			files = (
			);
			runOnlyForDeploymentPostprocessing = 0;
		};
		8B3C96F42A52B5F300A33546 /* Frameworks */ = {
			isa = PBXFrameworksBuildPhase;
			buildActionMask = 2147483647;
			files = (
			);
			runOnlyForDeploymentPostprocessing = 0;
		};
		8B3C96FE2A52B5F300A33546 /* Frameworks */ = {
			isa = PBXFrameworksBuildPhase;
			buildActionMask = 2147483647;
			files = (
			);
			runOnlyForDeploymentPostprocessing = 0;
		};
/* End PBXFrameworksBuildPhase section */

/* Begin PBXGroup section */
		8B3C96DE2A52B5F000A33546 = {
			isa = PBXGroup;
			children = (
				8B3C96E92A52B5F000A33546 /* VisionOSTest */,
				8B3C96FA2A52B5F300A33546 /* VisionOSTestTests */,
				8B3C97042A52B5F300A33546 /* VisionOSTestUITests */,
				8B3C96E82A52B5F000A33546 /* Products */,
			);
			sourceTree = "<group>";
		};
		8B3C96E82A52B5F000A33546 /* Products */ = {
			isa = PBXGroup;
			children = (
				8B3C96E72A52B5F000A33546 /* VisionOSTest.app */,
				8B3C96F72A52B5F300A33546 /* VisionOSTestTests.xctest */,
				8B3C97012A52B5F300A33546 /* VisionOSTestUITests.xctest */,
			);
			name = Products;
			sourceTree = "<group>";
		};
		8B3C96E92A52B5F000A33546 /* VisionOSTest */ = {
			isa = PBXGroup;
			children = (
				8B3C96EA2A52B5F000A33546 /* VisionOSTestApp.swift */,
				8B3C96EC2A52B5F000A33546 /* ContentView.swift */,
				8B3C96EE2A52B5F300A33546 /* Assets.xcassets */,
				8B3C96F02A52B5F300A33546 /* Preview Content */,
			);
			path = VisionOSTest;
			sourceTree = "<group>";
		};
		8B3C96F02A52B5F300A33546 /* Preview Content */ = {
			isa = PBXGroup;
			children = (
				8B3C96F12A52B5F300A33546 /* Preview Assets.xcassets */,
			);
			path = "Preview Content";
			sourceTree = "<group>";
		};
		8B3C96FA2A52B5F300A33546 /* VisionOSTestTests */ = {
			isa = PBXGroup;
			children = (
				8B3C96FB2A52B5F300A33546 /* VisionOSTestTests.swift */,
			);
			path = VisionOSTestTests;
			sourceTree = "<group>";
		};
		8B3C97042A52B5F300A33546 /* VisionOSTestUITests */ = {
			isa = PBXGroup;
			children = (
				8B3C97052A52B5F300A33546 /* VisionOSTestUITests.swift */,
				8B3C97072A52B5F300A33546 /* VisionOSTestUITestsLaunchTests.swift */,
			);
			path = VisionOSTestUITests;
			sourceTree = "<group>";
		};
/* End PBXGroup section */

/* Begin PBXNativeTarget section */
		8B3C96E62A52B5F000A33546 /* VisionOSTest */ = {
			isa = PBXNativeTarget;
			buildConfigurationList = 8B3C970B2A52B5F300A33546 /* Build configuration list for PBXNativeTarget "VisionOSTest" */;
			buildPhases = (
				8B3C96E32A52B5F000A33546 /* Sources */,
				8B3C96E42A52B5F000A33546 /* Frameworks */,
				8B3C96E52A52B5F000A33546 /* Resources */,
			);
			buildRules = (
			);
			dependencies = (
			);
			name = VisionOSTest;
			productName = VisionOSTest;
			productReference = 8B3C96E72A52B5F000A33546 /* VisionOSTest.app */;
			productType = "com.apple.product-type.application";
		};
		8B3C96F62A52B5F300A33546 /* VisionOSTestTests */ = {
			isa = PBXNativeTarget;
			buildConfigurationList = 8B3C970E2A52B5F300A33546 /* Build configuration list for PBXNativeTarget "VisionOSTestTests" */;
			buildPhases = (
				8B3C96F32A52B5F300A33546 /* Sources */,
				8B3C96F42A52B5F300A33546 /* Frameworks */,
				8B3C96F52A52B5F300A33546 /* Resources */,
			);
			buildRules = (
			);
			dependencies = (
				8B3C96F92A52B5F300A33546 /* PBXTargetDependency */,
			);
			name = VisionOSTestTests;
			productName = VisionOSTestTests;
			productReference = 8B3C96F72A52B5F300A33546 /* VisionOSTestTests.xctest */;
			productType = "com.apple.product-type.bundle.unit-test";
		};
		8B3C97002A52B5F300A33546 /* VisionOSTestUITests */ = {
			isa = PBXNativeTarget;
			buildConfigurationList = 8B3C97112A52B5F300A33546 /* Build configuration list for PBXNativeTarget "VisionOSTestUITests" */;
			buildPhases = (
				8B3C96FD2A52B5F300A33546 /* Sources */,
				8B3C96FE2A52B5F300A33546 /* Frameworks */,
				8B3C96FF2A52B5F300A33546 /* Resources */,
			);
			buildRules = (
			);
			dependencies = (
				8B3C97032A52B5F300A33546 /* PBXTargetDependency */,
			);
			name = VisionOSTestUITests;
			productName = VisionOSTestUITests;
			productReference = 8B3C97012A52B5F300A33546 /* VisionOSTestUITests.xctest */;
			productType = "com.apple.product-type.bundle.ui-testing";
		};
/* End PBXNativeTarget section */

/* Begin PBXProject section */
		8B3C96DF2A52B5F000A33546 /* Project object */ = {
			isa = PBXProject;
			attributes = {
				BuildIndependentTargetsInParallel = 1;
				LastSwiftUpdateCheck = 1420;
				LastUpgradeCheck = 1420;
				TargetAttributes = {
					8B3C96E62A52B5F000A33546 = {
						CreatedOnToolsVersion = 14.2;
					};
					8B3C96F62A52B5F300A33546 = {
						CreatedOnToolsVersion = 14.2;
						TestTargetID = 8B3C96E62A52B5F000A33546;
					};
					8B3C97002A52B5F300A33546 = {
						CreatedOnToolsVersion = 14.2;
						TestTargetID = 8B3C96E62A52B5F000A33546;
					};
				};
			};
			buildConfigurationList = 8B3C96E22A52B5F000A33546 /* Build configuration list for PBXProject "VisionOSTest" */;
			compatibilityVersion = "Xcode 14.0";
			developmentRegion = en;
			hasScannedForEncodings = 0;
			knownRegions = (
				en,
				Base,
			);
			mainGroup = 8B3C96DE2A52B5F000A33546;
			productRefGroup = 8B3C96E82A52B5F000A33546 /* Products */;
			projectDirPath = "";
			projectRoot = "";
			targets = (
				8B3C96E62A52B5F000A33546 /* VisionOSTest */,
				8B3C96F62A52B5F300A33546 /* VisionOSTestTests */,
				8B3C97002A52B5F300A33546 /* VisionOSTestUITests */,
			);
		};
/* End PBXProject section */

/* Begin PBXResourcesBuildPhase section */
		8B3C96E52A52B5F000A33546 /* Resources */ = {
			isa = PBXResourcesBuildPhase;
			buildActionMask = 2147483647;
			files = (
				8B3C96F22A52B5F300A33546 /* Preview Assets.xcassets in Resources */,
				8B3C96EF2A52B5F300A33546 /* Assets.xcassets in Resources */,
			);
			runOnlyForDeploymentPostprocessing = 0;
		};
		8B3C96F52A52B5F300A33546 /* Resources */ = {
			isa = PBXResourcesBuildPhase;
			buildActionMask = 2147483647;
			files = (
			);
			runOnlyForDeploymentPostprocessing = 0;
		};
		8B3C96FF2A52B5F300A33546 /* Resources */ = {
			isa = PBXResourcesBuildPhase;
			buildActionMask = 2147483647;
			files = (
			);
			runOnlyForDeploymentPostprocessing = 0;
		};
/* End PBXResourcesBuildPhase section */

/* Begin PBXSourcesBuildPhase section */
		8B3C96E32A52B5F000A33546 /* Sources */ = {
			isa = PBXSourcesBuildPhase;
			buildActionMask = 2147483647;
			files = (
				8B3C96ED2A52B5F000A33546 /* ContentView.swift in Sources */,
				8B3C96EB2A52B5F000A33546 /* VisionOSTestApp.swift in Sources */,
			);
			runOnlyForDeploymentPostprocessing = 0;
		};
		8B3C96F32A52B5F300A33546 /* Sources */ = {
			isa = PBXSourcesBuildPhase;
			buildActionMask = 2147483647;
			files = (
				8B3C96FC2A52B5F300A33546 /* VisionOSTestTests.swift in Sources */,
			);
			runOnlyForDeploymentPostprocessing = 0;
		};
		8B3C96FD2A52B5F300A33546 /* Sources */ = {
			isa = PBXSourcesBuildPhase;
			buildActionMask = 2147483647;
			files = (
				8B3C97082A52B5F300A33546 /* VisionOSTestUITestsLaunchTests.swift in Sources */,
				8B3C97062A52B5F300A33546 /* VisionOSTestUITests.swift in Sources */,
			);
			runOnlyForDeploymentPostprocessing = 0;
		};
/* End PBXSourcesBuildPhase section */

/* Begin PBXTargetDependency section */
		8B3C96F92A52B5F300A33546 /* PBXTargetDependency */ = {
			isa = PBXTargetDependency;
			target = 8B3C96E62A52B5F000A33546 /* VisionOSTest */;
			targetProxy = 8B3C96F82A52B5F300A33546 /* PBXContainerItemProxy */;
		};
		8B3C97032A52B5F300A33546 /* PBXTargetDependency */ = {
			isa = PBXTargetDependency;
			target = 8B3C96E62A52B5F000A33546 /* VisionOSTest */;
			targetProxy = 8B3C97022A52B5F300A33546 /* PBXContainerItemProxy */;
		};
/* End PBXTargetDependency section */

/* Begin XCBuildConfiguration section */
		8B3C97092A52B5F300A33546 /* Debug */ = {
			isa = XCBuildConfiguration;
			buildSettings = {
				ALWAYS_SEARCH_USER_PATHS = NO;
				CLANG_ANALYZER_NONNULL = YES;
				CLANG_ANALYZER_NUMBER_OBJECT_CONVERSION = YES_AGGRESSIVE;
				CLANG_CXX_LANGUAGE_STANDARD = "gnu++20";
				CLANG_ENABLE_MODULES = YES;
				CLANG_ENABLE_OBJC_ARC = YES;
				CLANG_ENABLE_OBJC_WEAK = YES;
				CLANG_WARN_BLOCK_CAPTURE_AUTORELEASING = YES;
				CLANG_WARN_BOOL_CONVERSION = YES;
				CLANG_WARN_COMMA = YES;
				CLANG_WARN_CONSTANT_CONVERSION = YES;
				CLANG_WARN_DEPRECATED_OBJC_IMPLEMENTATIONS = YES;
				CLANG_WARN_DIRECT_OBJC_ISA_USAGE = YES_ERROR;
				CLANG_WARN_DOCUMENTATION_COMMENTS = YES;
				CLANG_WARN_EMPTY_BODY = YES;
				CLANG_WARN_ENUM_CONVERSION = YES;
				CLANG_WARN_INFINITE_RECURSION = YES;
				CLANG_WARN_INT_CONVERSION = YES;
				CLANG_WARN_NON_LITERAL_NULL_CONVERSION = YES;
				CLANG_WARN_OBJC_IMPLICIT_RETAIN_SELF = YES;
				CLANG_WARN_OBJC_LITERAL_CONVERSION = YES;
				CLANG_WARN_OBJC_ROOT_CLASS = YES_ERROR;
				CLANG_WARN_QUOTED_INCLUDE_IN_FRAMEWORK_HEADER = YES;
				CLANG_WARN_RANGE_LOOP_ANALYSIS = YES;
				CLANG_WARN_STRICT_PROTOTYPES = YES;
				CLANG_WARN_SUSPICIOUS_MOVE = YES;
				CLANG_WARN_UNGUARDED_AVAILABILITY = YES_AGGRESSIVE;
				CLANG_WARN_UNREACHABLE_CODE = YES;
				CLANG_WARN__DUPLICATE_METHOD_MATCH = YES;
				COPY_PHASE_STRIP = NO;
				DEBUG_INFORMATION_FORMAT = dwarf;
				ENABLE_STRICT_OBJC_MSGSEND = YES;
				ENABLE_TESTABILITY = YES;
				GCC_C_LANGUAGE_STANDARD = gnu11;
				GCC_DYNAMIC_NO_PIC = NO;
				GCC_NO_COMMON_BLOCKS = YES;
				GCC_OPTIMIZATION_LEVEL = 0;
				GCC_PREPROCESSOR_DEFINITIONS = (
					"DEBUG=1",
					"$(inherited)",
				);
				GCC_WARN_64_TO_32_BIT_CONVERSION = YES;
				GCC_WARN_ABOUT_RETURN_TYPE = YES_ERROR;
				GCC_WARN_UNDECLARED_SELECTOR = YES;
				GCC_WARN_UNINITIALIZED_AUTOS = YES_AGGRESSIVE;
				GCC_WARN_UNUSED_FUNCTION = YES;
				GCC_WARN_UNUSED_VARIABLE = YES;
				IPHONEOS_DEPLOYMENT_TARGET = 16.2;
				MTL_ENABLE_DEBUG_INFO = INCLUDE_SOURCE;
				MTL_FAST_MATH = YES;
				ONLY_ACTIVE_ARCH = YES;
				SDKROOT = iphoneos;
				SWIFT_ACTIVE_COMPILATION_CONDITIONS = DEBUG;
				SWIFT_OPTIMIZATION_LEVEL = "-Onone";
			};
			name = Debug;
		};
		8B3C970A2A52B5F300A33546 /* Release */ = {
			isa = XCBuildConfiguration;
			buildSettings = {
				ALWAYS_SEARCH_USER_PATHS = NO;
				CLANG_ANALYZER_NONNULL = YES;
				CLANG_ANALYZER_NUMBER_OBJECT_CONVERSION = YES_AGGRESSIVE;
				CLANG_CXX_LANGUAGE_STANDARD = "gnu++20";
				CLANG_ENABLE_MODULES = YES;
				CLANG_ENABLE_OBJC_ARC = YES;
				CLANG_ENABLE_OBJC_WEAK = YES;
				CLANG_WARN_BLOCK_CAPTURE_AUTORELEASING = YES;
				CLANG_WARN_BOOL_CONVERSION = YES;
				CLANG_WARN_COMMA = YES;
				CLANG_WARN_CONSTANT_CONVERSION = YES;
				CLANG_WARN_DEPRECATED_OBJC_IMPLEMENTATIONS = YES;
				CLANG_WARN_DIRECT_OBJC_ISA_USAGE = YES_ERROR;
				CLANG_WARN_DOCUMENTATION_COMMENTS = YES;
				CLANG_WARN_EMPTY_BODY = YES;
				CLANG_WARN_ENUM_CONVERSION = YES;
				CLANG_WARN_INFINITE_RECURSION = YES;
				CLANG_WARN_INT_CONVERSION = YES;
				CLANG_WARN_NON_LITERAL_NULL_CONVERSION = YES;
				CLANG_WARN_OBJC_IMPLICIT_RETAIN_SELF = YES;
				CLANG_WARN_OBJC_LITERAL_CONVERSION = YES;
				CLANG_WARN_OBJC_ROOT_CLASS = YES_ERROR;
				CLANG_WARN_QUOTED_INCLUDE_IN_FRAMEWORK_HEADER = YES;
				CLANG_WARN_RANGE_LOOP_ANALYSIS = YES;
				CLANG_WARN_STRICT_PROTOTYPES = YES;
				CLANG_WARN_SUSPICIOUS_MOVE = YES;
				CLANG_WARN_UNGUARDED_AVAILABILITY = YES_AGGRESSIVE;
				CLANG_WARN_UNREACHABLE_CODE = YES;
				CLANG_WARN__DUPLICATE_METHOD_MATCH = YES;
				COPY_PHASE_STRIP = NO;
				DEBUG_INFORMATION_FORMAT = "dwarf-with-dsym";
				ENABLE_NS_ASSERTIONS = NO;
				ENABLE_STRICT_OBJC_MSGSEND = YES;
				GCC_C_LANGUAGE_STANDARD = gnu11;
				GCC_NO_COMMON_BLOCKS = YES;
				GCC_WARN_64_TO_32_BIT_CONVERSION = YES;
				GCC_WARN_ABOUT_RETURN_TYPE = YES_ERROR;
				GCC_WARN_UNDECLARED_SELECTOR = YES;
				GCC_WARN_UNINITIALIZED_AUTOS = YES_AGGRESSIVE;
				GCC_WARN_UNUSED_FUNCTION = YES;
				GCC_WARN_UNUSED_VARIABLE = YES;
				IPHONEOS_DEPLOYMENT_TARGET = 16.2;
				MTL_ENABLE_DEBUG_INFO = NO;
				MTL_FAST_MATH = YES;
				SDKROOT = iphoneos;
				SWIFT_COMPILATION_MODE = wholemodule;
				SWIFT_OPTIMIZATION_LEVEL = "-O";
				VALIDATE_PRODUCT = YES;
			};
			name = Release;
		};
		8B3C970C2A52B5F300A33546 /* Debug */ = {
			isa = XCBuildConfiguration;
			buildSettings = {
				ASSETCATALOG_COMPILER_APPICON_NAME = AppIcon;
				ASSETCATALOG_COMPILER_GLOBAL_ACCENT_COLOR_NAME = AccentColor;
				CODE_SIGN_STYLE = Automatic;
				CURRENT_PROJECT_VERSION = 1;
				DEVELOPMENT_ASSET_PATHS = "\"VisionOSTest/Preview Content\"";
				DEVELOPMENT_TEAM = 5J9S4L22HS;
				ENABLE_PREVIEWS = YES;
				GENERATE_INFOPLIST_FILE = YES;
				INFOPLIST_KEY_UIApplicationSceneManifest_Generation = YES;
				INFOPLIST_KEY_UIApplicationSupportsIndirectInputEvents = YES;
				INFOPLIST_KEY_UILaunchScreen_Generation = YES;
				INFOPLIST_KEY_UISupportedInterfaceOrientations_iPad = "UIInterfaceOrientationPortrait UIInterfaceOrientationPortraitUpsideDown UIInterfaceOrientationLandscapeLeft UIInterfaceOrientationLandscapeRight";
				INFOPLIST_KEY_UISupportedInterfaceOrientations_iPhone = "UIInterfaceOrientationPortrait UIInterfaceOrientationLandscapeLeft UIInterfaceOrientationLandscapeRight";
				LD_RUNPATH_SEARCH_PATHS = (
					"$(inherited)",
					"@executable_path/Frameworks",
				);
				MARKETING_VERSION = 1.0;
				PRODUCT_BUNDLE_IDENTIFIER = com.pinyi.VisionOSTest;
				PRODUCT_NAME = "$(TARGET_NAME)";
				SWIFT_EMIT_LOC_STRINGS = YES;
				SWIFT_VERSION = 5.0;
				TARGETED_DEVICE_FAMILY = "1,2";
			};
			name = Debug;
		};
		8B3C970D2A52B5F300A33546 /* Release */ = {
			isa = XCBuildConfiguration;
			buildSettings = {
				ASSETCATALOG_COMPILER_APPICON_NAME = AppIcon;
				ASSETCATALOG_COMPILER_GLOBAL_ACCENT_COLOR_NAME = AccentColor;
				CODE_SIGN_STYLE = Automatic;
				CURRENT_PROJECT_VERSION = 1;
				DEVELOPMENT_ASSET_PATHS = "\"VisionOSTest/Preview Content\"";
				DEVELOPMENT_TEAM = 5J9S4L22HS;
				ENABLE_PREVIEWS = YES;
				GENERATE_INFOPLIST_FILE = YES;
				INFOPLIST_KEY_UIApplicationSceneManifest_Generation = YES;
				INFOPLIST_KEY_UIApplicationSupportsIndirectInputEvents = YES;
				INFOPLIST_KEY_UILaunchScreen_Generation = YES;
				INFOPLIST_KEY_UISupportedInterfaceOrientations_iPad = "UIInterfaceOrientationPortrait UIInterfaceOrientationPortraitUpsideDown UIInterfaceOrientationLandscapeLeft UIInterfaceOrientationLandscapeRight";
				INFOPLIST_KEY_UISupportedInterfaceOrientations_iPhone = "UIInterfaceOrientationPortrait UIInterfaceOrientationLandscapeLeft UIInterfaceOrientationLandscapeRight";
				LD_RUNPATH_SEARCH_PATHS = (
					"$(inherited)",
					"@executable_path/Frameworks",
				);
				MARKETING_VERSION = 1.0;
				PRODUCT_BUNDLE_IDENTIFIER = com.pinyi.VisionOSTest;
				PRODUCT_NAME = "$(TARGET_NAME)";
				SWIFT_EMIT_LOC_STRINGS = YES;
				SWIFT_VERSION = 5.0;
				TARGETED_DEVICE_FAMILY = "1,2";
			};
			name = Release;
		};
		8B3C970F2A52B5F300A33546 /* Debug */ = {
			isa = XCBuildConfiguration;
			buildSettings = {
				ALWAYS_EMBED_SWIFT_STANDARD_LIBRARIES = YES;
				BUNDLE_LOADER = "$(TEST_HOST)";
				CODE_SIGN_STYLE = Automatic;
				CURRENT_PROJECT_VERSION = 1;
				DEVELOPMENT_TEAM = 5J9S4L22HS;
				GENERATE_INFOPLIST_FILE = YES;
				IPHONEOS_DEPLOYMENT_TARGET = 16.2;
				MARKETING_VERSION = 1.0;
				PRODUCT_BUNDLE_IDENTIFIER = com.pinyi.VisionOSTestTests;
				PRODUCT_NAME = "$(TARGET_NAME)";
				SWIFT_EMIT_LOC_STRINGS = NO;
				SWIFT_VERSION = 5.0;
				TARGETED_DEVICE_FAMILY = "1,2";
				TEST_HOST = "$(BUILT_PRODUCTS_DIR)/VisionOSTest.app/$(BUNDLE_EXECUTABLE_FOLDER_PATH)/VisionOSTest";
			};
			name = Debug;
		};
		8B3C97102A52B5F300A33546 /* Release */ = {
			isa = XCBuildConfiguration;
			buildSettings = {
				ALWAYS_EMBED_SWIFT_STANDARD_LIBRARIES = YES;
				BUNDLE_LOADER = "$(TEST_HOST)";
				CODE_SIGN_STYLE = Automatic;
				CURRENT_PROJECT_VERSION = 1;
				DEVELOPMENT_TEAM = 5J9S4L22HS;
				GENERATE_INFOPLIST_FILE = YES;
				IPHONEOS_DEPLOYMENT_TARGET = 16.2;
				MARKETING_VERSION = 1.0;
				PRODUCT_BUNDLE_IDENTIFIER = com.pinyi.VisionOSTestTests;
				PRODUCT_NAME = "$(TARGET_NAME)";
				SWIFT_EMIT_LOC_STRINGS = NO;
				SWIFT_VERSION = 5.0;
				TARGETED_DEVICE_FAMILY = "1,2";
				TEST_HOST = "$(BUILT_PRODUCTS_DIR)/VisionOSTest.app/$(BUNDLE_EXECUTABLE_FOLDER_PATH)/VisionOSTest";
			};
			name = Release;
		};
		8B3C97122A52B5F300A33546 /* Debug */ = {
			isa = XCBuildConfiguration;
			buildSettings = {
				ALWAYS_EMBED_SWIFT_STANDARD_LIBRARIES = YES;
				CODE_SIGN_STYLE = Automatic;
				CURRENT_PROJECT_VERSION = 1;
				DEVELOPMENT_TEAM = 5J9S4L22HS;
				GENERATE_INFOPLIST_FILE = YES;
				MARKETING_VERSION = 1.0;
				PRODUCT_BUNDLE_IDENTIFIER = com.pinyi.VisionOSTestUITests;
				PRODUCT_NAME = "$(TARGET_NAME)";
				SWIFT_EMIT_LOC_STRINGS = NO;
				SWIFT_VERSION = 5.0;
				TARGETED_DEVICE_FAMILY = "1,2";
				TEST_TARGET_NAME = VisionOSTest;
			};
			name = Debug;
		};
		8B3C97132A52B5F300A33546 /* Release */ = {
			isa = XCBuildConfiguration;
			buildSettings = {
				ALWAYS_EMBED_SWIFT_STANDARD_LIBRARIES = YES;
				CODE_SIGN_STYLE = Automatic;
				CURRENT_PROJECT_VERSION = 1;
				DEVELOPMENT_TEAM = 5J9S4L22HS;
				GENERATE_INFOPLIST_FILE = YES;
				MARKETING_VERSION = 1.0;
				PRODUCT_BUNDLE_IDENTIFIER = com.pinyi.VisionOSTestUITests;
				PRODUCT_NAME = "$(TARGET_NAME)";
				SWIFT_EMIT_LOC_STRINGS = NO;
				SWIFT_VERSION = 5.0;
				TARGETED_DEVICE_FAMILY = "1,2";
				TEST_TARGET_NAME = VisionOSTest;
			};
			name = Release;
		};
/* End XCBuildConfiguration section */

/* Begin XCConfigurationList section */
		8B3C96E22A52B5F000A33546 /* Build configuration list for PBXProject "VisionOSTest" */ = {
			isa = XCConfigurationList;
			buildConfigurations = (
				8B3C97092A52B5F300A33546 /* Debug */,
				8B3C970A2A52B5F300A33546 /* Release */,
			);
			defaultConfigurationIsVisible = 0;
			defaultConfigurationName = Release;
		};
		8B3C970B2A52B5F300A33546 /* Build configuration list for PBXNativeTarget "VisionOSTest" */ = {
			isa = XCConfigurationList;
			buildConfigurations = (
				8B3C970C2A52B5F300A33546 /* Debug */,
				8B3C970D2A52B5F300A33546 /* Release */,
			);
			defaultConfigurationIsVisible = 0;
			defaultConfigurationName = Release;
		};
		8B3C970E2A52B5F300A33546 /* Build configuration list for PBXNativeTarget "VisionOSTestTests" */ = {
			isa = XCConfigurationList;
			buildConfigurations = (
				8B3C970F2A52B5F300A33546 /* Debug */,
				8B3C97102A52B5F300A33546 /* Release */,
			);
			defaultConfigurationIsVisible = 0;
			defaultConfigurationName = Release;
		};
		8B3C97112A52B5F300A33546 /* Build configuration list for PBXNativeTarget "VisionOSTestUITests" */ = {
			isa = XCConfigurationList;
			buildConfigurations = (
				8B3C97122A52B5F300A33546 /* Debug */,
				8B3C97132A52B5F300A33546 /* Release */,
			);
			defaultConfigurationIsVisible = 0;
			defaultConfigurationName = Release;
		};
/* End XCConfigurationList section */
	};
	rootObject = 8B3C96DF2A52B5F000A33546 /* Project object */;
}
