// !$*UTF8*$!
{
	archiveVersion = 1;
	classes = {
	};
	objectVersion = 56;
	objects = {

/* Begin PBXBuildFile section */
		8BA030992A52D18D00C9658A /* RealityKitContent in Frameworks */ = {isa = PBXBuildFile; productRef = 8BA030982A52D18D00C9658A /* RealityKitContent */; };
		8BA0309B2A52D18D00C9658A /* VisionOSTestApp.swift in Sources */ = {isa = PBXBuildFile; fileRef = 8BA0309A2A52D18D00C9658A /* VisionOSTestApp.swift */; };
		8BA0309D2A52D18D00C9658A /* ContentView.swift in Sources */ = {isa = PBXBuildFile; fileRef = 8BA0309C2A52D18D00C9658A /* ContentView.swift */; };
		8BA0309F2A52D18E00C9658A /* Assets.xcassets in Resources */ = {isa = PBXBuildFile; fileRef = 8BA0309E2A52D18E00C9658A /* Assets.xcassets */; };
		8BA030A22A52D18E00C9658A /* Preview Assets.xcassets in Resources */ = {isa = PBXBuildFile; fileRef = 8BA030A12A52D18E00C9658A /* Preview Assets.xcassets */; };
		8BA030AC2A52D18E00C9658A /* VisionOSTestTests.swift in Sources */ = {isa = PBXBuildFile; fileRef = 8BA030AB2A52D18E00C9658A /* VisionOSTestTests.swift */; };
/* End PBXBuildFile section */

/* Begin PBXContainerItemProxy section */
		8BA030A82A52D18E00C9658A /* PBXContainerItemProxy */ = {
			isa = PBXContainerItemProxy;
			containerPortal = 8BA0308B2A52D18D00C9658A /* Project object */;
			proxyType = 1;
			remoteGlobalIDString = 8BA030922A52D18D00C9658A;
			remoteInfo = VisionOSTest;
		};
/* End PBXContainerItemProxy section */

/* Begin PBXFileReference section */
		8BA030932A52D18D00C9658A /* VisionOSTest.app */ = {isa = PBXFileReference; explicitFileType = wrapper.application; includeInIndex = 0; path = VisionOSTest.app; sourceTree = BUILT_PRODUCTS_DIR; };
		8BA030972A52D18D00C9658A /* RealityKitContent */ = {isa = PBXFileReference; lastKnownFileType = wrapper; path = RealityKitContent; sourceTree = "<group>"; };
		8BA0309A2A52D18D00C9658A /* VisionOSTestApp.swift */ = {isa = PBXFileReference; lastKnownFileType = sourcecode.swift; path = VisionOSTestApp.swift; sourceTree = "<group>"; };
		8BA0309C2A52D18D00C9658A /* ContentView.swift */ = {isa = PBXFileReference; lastKnownFileType = sourcecode.swift; path = ContentView.swift; sourceTree = "<group>"; };
		8BA0309E2A52D18E00C9658A /* Assets.xcassets */ = {isa = PBXFileReference; lastKnownFileType = folder.assetcatalog; path = Assets.xcassets; sourceTree = "<group>"; };
		8BA030A12A52D18E00C9658A /* Preview Assets.xcassets */ = {isa = PBXFileReference; lastKnownFileType = folder.assetcatalog; path = "Preview Assets.xcassets"; sourceTree = "<group>"; };
		8BA030A72A52D18E00C9658A /* VisionOSTestTests.xctest */ = {isa = PBXFileReference; explicitFileType = wrapper.cfbundle; includeInIndex = 0; path = VisionOSTestTests.xctest; sourceTree = BUILT_PRODUCTS_DIR; };
		8BA030AB2A52D18E00C9658A /* VisionOSTestTests.swift */ = {isa = PBXFileReference; lastKnownFileType = sourcecode.swift; path = VisionOSTestTests.swift; sourceTree = "<group>"; };
/* End PBXFileReference section */

/* Begin PBXFrameworksBuildPhase section */
		8BA030902A52D18D00C9658A /* Frameworks */ = {
			isa = PBXFrameworksBuildPhase;
			buildActionMask = 2147483647;
			files = (
				8BA030992A52D18D00C9658A /* RealityKitContent in Frameworks */,
			);
			runOnlyForDeploymentPostprocessing = 0;
		};
		8BA030A42A52D18E00C9658A /* Frameworks */ = {
			isa = PBXFrameworksBuildPhase;
			buildActionMask = 2147483647;
			files = (
			);
			runOnlyForDeploymentPostprocessing = 0;
		};
/* End PBXFrameworksBuildPhase section */

/* Begin PBXGroup section */
		8BA0308A2A52D18D00C9658A = {
			isa = PBXGroup;
			children = (
				8BA030952A52D18D00C9658A /* VisionOSTest */,
				8BA030962A52D18D00C9658A /* Packages */,
				8BA030AA2A52D18E00C9658A /* VisionOSTestTests */,
				8BA030942A52D18D00C9658A /* Products */,
			);
			sourceTree = "<group>";
		};
		8BA030942A52D18D00C9658A /* Products */ = {
			isa = PBXGroup;
			children = (
				8BA030932A52D18D00C9658A /* VisionOSTest.app */,
				8BA030A72A52D18E00C9658A /* VisionOSTestTests.xctest */,
			);
			name = Products;
			sourceTree = "<group>";
		};
		8BA030952A52D18D00C9658A /* VisionOSTest */ = {
			isa = PBXGroup;
			children = (
				8BA0309A2A52D18D00C9658A /* VisionOSTestApp.swift */,
				8BA0309C2A52D18D00C9658A /* ContentView.swift */,
				8BA0309E2A52D18E00C9658A /* Assets.xcassets */,
				8BA030A02A52D18E00C9658A /* Preview Content */,
			);
			path = VisionOSTest;
			sourceTree = "<group>";
		};
		8BA030962A52D18D00C9658A /* Packages */ = {
			isa = PBXGroup;
			children = (
				8BA030972A52D18D00C9658A /* RealityKitContent */,
			);
			path = Packages;
			sourceTree = "<group>";
		};
		8BA030A02A52D18E00C9658A /* Preview Content */ = {
			isa = PBXGroup;
			children = (
				8BA030A12A52D18E00C9658A /* Preview Assets.xcassets */,
			);
			path = "Preview Content";
			sourceTree = "<group>";
		};
		8BA030AA2A52D18E00C9658A /* VisionOSTestTests */ = {
			isa = PBXGroup;
			children = (
				8BA030AB2A52D18E00C9658A /* VisionOSTestTests.swift */,
			);
			path = VisionOSTestTests;
			sourceTree = "<group>";
		};
/* End PBXGroup section */

/* Begin PBXNativeTarget section */
		8BA030922A52D18D00C9658A /* VisionOSTest */ = {
			isa = PBXNativeTarget;
			buildConfigurationList = 8BA030AF2A52D18E00C9658A /* Build configuration list for PBXNativeTarget "VisionOSTest" */;
			buildPhases = (
				8BA0308F2A52D18D00C9658A /* Sources */,
				8BA030902A52D18D00C9658A /* Frameworks */,
				8BA030912A52D18D00C9658A /* Resources */,
			);
			buildRules = (
			);
			dependencies = (
			);
			name = VisionOSTest;
			packageProductDependencies = (
				8BA030982A52D18D00C9658A /* RealityKitContent */,
			);
			productName = VisionOSTest;
			productReference = 8BA030932A52D18D00C9658A /* VisionOSTest.app */;
			productType = "com.apple.product-type.application";
		};
		8BA030A62A52D18E00C9658A /* VisionOSTestTests */ = {
			isa = PBXNativeTarget;
			buildConfigurationList = 8BA030B22A52D18E00C9658A /* Build configuration list for PBXNativeTarget "VisionOSTestTests" */;
			buildPhases = (
				8BA030A32A52D18E00C9658A /* Sources */,
				8BA030A42A52D18E00C9658A /* Frameworks */,
				8BA030A52A52D18E00C9658A /* Resources */,
			);
			buildRules = (
			);
			dependencies = (
				8BA030A92A52D18E00C9658A /* PBXTargetDependency */,
			);
			name = VisionOSTestTests;
			productName = VisionOSTestTests;
			productReference = 8BA030A72A52D18E00C9658A /* VisionOSTestTests.xctest */;
			productType = "com.apple.product-type.bundle.unit-test";
		};
/* End PBXNativeTarget section */

/* Begin PBXProject section */
		8BA0308B2A52D18D00C9658A /* Project object */ = {
			isa = PBXProject;
			attributes = {
				BuildIndependentTargetsInParallel = 1;
				LastSwiftUpdateCheck = 1500;
				LastUpgradeCheck = 1500;
				TargetAttributes = {
					8BA030922A52D18D00C9658A = {
						CreatedOnToolsVersion = 15.0;
					};
					8BA030A62A52D18E00C9658A = {
						CreatedOnToolsVersion = 15.0;
						TestTargetID = 8BA030922A52D18D00C9658A;
					};
				};
			};
			buildConfigurationList = 8BA0308E2A52D18D00C9658A /* Build configuration list for PBXProject "VisionOSTest" */;
			compatibilityVersion = "Xcode 14.0";
			developmentRegion = en;
			hasScannedForEncodings = 0;
			knownRegions = (
				en,
				Base,
			);
			mainGroup = 8BA0308A2A52D18D00C9658A;
			productRefGroup = 8BA030942A52D18D00C9658A /* Products */;
			projectDirPath = "";
			projectRoot = "";
			targets = (
				8BA030922A52D18D00C9658A /* VisionOSTest */,
				8BA030A62A52D18E00C9658A /* VisionOSTestTests */,
			);
		};
/* End PBXProject section */

/* Begin PBXResourcesBuildPhase section */
		8BA030912A52D18D00C9658A /* Resources */ = {
			isa = PBXResourcesBuildPhase;
			buildActionMask = 2147483647;
			files = (
				8BA030A22A52D18E00C9658A /* Preview Assets.xcassets in Resources */,
				8BA0309F2A52D18E00C9658A /* Assets.xcassets in Resources */,
			);
			runOnlyForDeploymentPostprocessing = 0;
		};
		8BA030A52A52D18E00C9658A /* Resources */ = {
			isa = PBXResourcesBuildPhase;
			buildActionMask = 2147483647;
			files = (
			);
			runOnlyForDeploymentPostprocessing = 0;
		};
/* End PBXResourcesBuildPhase section */

/* Begin PBXSourcesBuildPhase section */
		8BA0308F2A52D18D00C9658A /* Sources */ = {
			isa = PBXSourcesBuildPhase;
			buildActionMask = 2147483647;
			files = (
				8BA0309D2A52D18D00C9658A /* ContentView.swift in Sources */,
				8BA0309B2A52D18D00C9658A /* VisionOSTestApp.swift in Sources */,
			);
			runOnlyForDeploymentPostprocessing = 0;
		};
		8BA030A32A52D18E00C9658A /* Sources */ = {
			isa = PBXSourcesBuildPhase;
			buildActionMask = 2147483647;
			files = (
				8BA030AC2A52D18E00C9658A /* VisionOSTestTests.swift in Sources */,
			);
			runOnlyForDeploymentPostprocessing = 0;
		};
/* End PBXSourcesBuildPhase section */

/* Begin PBXTargetDependency section */
		8BA030A92A52D18E00C9658A /* PBXTargetDependency */ = {
			isa = PBXTargetDependency;
			target = 8BA030922A52D18D00C9658A /* VisionOSTest */;
			targetProxy = 8BA030A82A52D18E00C9658A /* PBXContainerItemProxy */;
		};
/* End PBXTargetDependency section */

/* Begin XCBuildConfiguration section */
		8BA030AD2A52D18E00C9658A /* Debug */ = {
			isa = XCBuildConfiguration;
			buildSettings = {
				ALWAYS_SEARCH_USER_PATHS = NO;
				ASSETCATALOG_COMPILER_GENERATE_SWIFT_ASSET_SYMBOL_EXTENSIONS = YES;
				CLANG_ANALYZER_NONNULL = YES;
				CLANG_ANALYZER_NUMBER_OBJECT_CONVERSION = YES_AGGRESSIVE;
				CLANG_CXX_LANGUAGE_STANDARD = "gnu++20";
				CLANG_ENABLE_MODULES = YES;
				CLANG_ENABLE_OBJC_ARC = YES;
				CLANG_ENABLE_OBJC_WEAK = YES;
				CLANG_WARN_BLOCK_CAPTURE_AUTORELEASING = YES;
				CLANG_WARN_BOOL_CONVERSION = YES;
				CLANG_WARN_COMMA = YES;
				CLANG_WARN_CONSTANT_CONVERSION = YES;
				CLANG_WARN_DEPRECATED_OBJC_IMPLEMENTATIONS = YES;
				CLANG_WARN_DIRECT_OBJC_ISA_USAGE = YES_ERROR;
				CLANG_WARN_DOCUMENTATION_COMMENTS = YES;
				CLANG_WARN_EMPTY_BODY = YES;
				CLANG_WARN_ENUM_CONVERSION = YES;
				CLANG_WARN_INFINITE_RECURSION = YES;
				CLANG_WARN_INT_CONVERSION = YES;
				CLANG_WARN_NON_LITERAL_NULL_CONVERSION = YES;
				CLANG_WARN_OBJC_IMPLICIT_RETAIN_SELF = YES;
				CLANG_WARN_OBJC_LITERAL_CONVERSION = YES;
				CLANG_WARN_OBJC_ROOT_CLASS = YES_ERROR;
				CLANG_WARN_QUOTED_INCLUDE_IN_FRAMEWORK_HEADER = YES;
				CLANG_WARN_RANGE_LOOP_ANALYSIS = YES;
				CLANG_WARN_STRICT_PROTOTYPES = YES;
				CLANG_WARN_SUSPICIOUS_MOVE = YES;
				CLANG_WARN_UNGUARDED_AVAILABILITY = YES_AGGRESSIVE;
				CLANG_WARN_UNREACHABLE_CODE = YES;
				CLANG_WARN__DUPLICATE_METHOD_MATCH = YES;
				COPY_PHASE_STRIP = NO;
				DEBUG_INFORMATION_FORMAT = dwarf;
				ENABLE_STRICT_OBJC_MSGSEND = YES;
				ENABLE_TESTABILITY = YES;
				ENABLE_USER_SCRIPT_SANDBOXING = YES;
				GCC_C_LANGUAGE_STANDARD = gnu17;
				GCC_DYNAMIC_NO_PIC = NO;
				GCC_NO_COMMON_BLOCKS = YES;
				GCC_OPTIMIZATION_LEVEL = 0;
				GCC_PREPROCESSOR_DEFINITIONS = (
					"DEBUG=1",
					"$(inherited)",
				);
				GCC_WARN_64_TO_32_BIT_CONVERSION = YES;
				GCC_WARN_ABOUT_RETURN_TYPE = YES_ERROR;
				GCC_WARN_UNDECLARED_SELECTOR = YES;
				GCC_WARN_UNINITIALIZED_AUTOS = YES_AGGRESSIVE;
				GCC_WARN_UNUSED_FUNCTION = YES;
				GCC_WARN_UNUSED_VARIABLE = YES;
				LOCALIZATION_PREFERS_STRING_CATALOGS = YES;
				MTL_ENABLE_DEBUG_INFO = INCLUDE_SOURCE;
				MTL_FAST_MATH = YES;
				ONLY_ACTIVE_ARCH = YES;
				SDKROOT = xros;
				SWIFT_ACTIVE_COMPILATION_CONDITIONS = "DEBUG $(inherited)";
				SWIFT_OPTIMIZATION_LEVEL = "-Onone";
				XROS_DEPLOYMENT_TARGET = 1.0;
			};
			name = Debug;
		};
		8BA030AE2A52D18E00C9658A /* Release */ = {
			isa = XCBuildConfiguration;
			buildSettings = {
				ALWAYS_SEARCH_USER_PATHS = NO;
				ASSETCATALOG_COMPILER_GENERATE_SWIFT_ASSET_SYMBOL_EXTENSIONS = YES;
				CLANG_ANALYZER_NONNULL = YES;
				CLANG_ANALYZER_NUMBER_OBJECT_CONVERSION = YES_AGGRESSIVE;
				CLANG_CXX_LANGUAGE_STANDARD = "gnu++20";
				CLANG_ENABLE_MODULES = YES;
				CLANG_ENABLE_OBJC_ARC = YES;
				CLANG_ENABLE_OBJC_WEAK = YES;
				CLANG_WARN_BLOCK_CAPTURE_AUTORELEASING = YES;
				CLANG_WARN_BOOL_CONVERSION = YES;
				CLANG_WARN_COMMA = YES;
				CLANG_WARN_CONSTANT_CONVERSION = YES;
				CLANG_WARN_DEPRECATED_OBJC_IMPLEMENTATIONS = YES;
				CLANG_WARN_DIRECT_OBJC_ISA_USAGE = YES_ERROR;
				CLANG_WARN_DOCUMENTATION_COMMENTS = YES;
				CLANG_WARN_EMPTY_BODY = YES;
				CLANG_WARN_ENUM_CONVERSION = YES;
				CLANG_WARN_INFINITE_RECURSION = YES;
				CLANG_WARN_INT_CONVERSION = YES;
				CLANG_WARN_NON_LITERAL_NULL_CONVERSION = YES;
				CLANG_WARN_OBJC_IMPLICIT_RETAIN_SELF = YES;
				CLANG_WARN_OBJC_LITERAL_CONVERSION = YES;
				CLANG_WARN_OBJC_ROOT_CLASS = YES_ERROR;
				CLANG_WARN_QUOTED_INCLUDE_IN_FRAMEWORK_HEADER = YES;
				CLANG_WARN_RANGE_LOOP_ANALYSIS = YES;
				CLANG_WARN_STRICT_PROTOTYPES = YES;
				CLANG_WARN_SUSPICIOUS_MOVE = YES;
				CLANG_WARN_UNGUARDED_AVAILABILITY = YES_AGGRESSIVE;
				CLANG_WARN_UNREACHABLE_CODE = YES;
				CLANG_WARN__DUPLICATE_METHOD_MATCH = YES;
				COPY_PHASE_STRIP = NO;
				DEBUG_INFORMATION_FORMAT = "dwarf-with-dsym";
				ENABLE_NS_ASSERTIONS = NO;
				ENABLE_STRICT_OBJC_MSGSEND = YES;
				ENABLE_USER_SCRIPT_SANDBOXING = YES;
				GCC_C_LANGUAGE_STANDARD = gnu17;
				GCC_NO_COMMON_BLOCKS = YES;
				GCC_WARN_64_TO_32_BIT_CONVERSION = YES;
				GCC_WARN_ABOUT_RETURN_TYPE = YES_ERROR;
				GCC_WARN_UNDECLARED_SELECTOR = YES;
				GCC_WARN_UNINITIALIZED_AUTOS = YES_AGGRESSIVE;
				GCC_WARN_UNUSED_FUNCTION = YES;
				GCC_WARN_UNUSED_VARIABLE = YES;
				LOCALIZATION_PREFERS_STRING_CATALOGS = YES;
				MTL_ENABLE_DEBUG_INFO = NO;
				MTL_FAST_MATH = YES;
				SDKROOT = xros;
				SWIFT_COMPILATION_MODE = wholemodule;
				VALIDATE_PRODUCT = YES;
				XROS_DEPLOYMENT_TARGET = 1.0;
			};
			name = Release;
		};
		8BA030B02A52D18E00C9658A /* Debug */ = {
			isa = XCBuildConfiguration;
			buildSettings = {
				ASSETCATALOG_COMPILER_APPICON_NAME = AppIcon;
				ASSETCATALOG_COMPILER_GLOBAL_ACCENT_COLOR_NAME = AccentColor;
				CODE_SIGN_STYLE = Automatic;
				CURRENT_PROJECT_VERSION = 1;
				DEVELOPMENT_ASSET_PATHS = "\"VisionOSTest/Preview Content\"";
				DEVELOPMENT_TEAM = 5J9S4L22HS;
				ENABLE_PREVIEWS = YES;
				GENERATE_INFOPLIST_FILE = YES;
				INFOPLIST_KEY_UIApplicationSceneManifest_Generation = YES;
				LD_RUNPATH_SEARCH_PATHS = (
					"$(inherited)",
					"@executable_path/Frameworks",
				);
				MARKETING_VERSION = 1.0;
				PRODUCT_BUNDLE_IDENTIFIER = com.pinyi.VisionOSTest;
				PRODUCT_NAME = "$(TARGET_NAME)";
				SUPPORTED_PLATFORMS = "xros xrsimulator";
				SWIFT_EMIT_LOC_STRINGS = YES;
				SWIFT_VERSION = 5.0;
				TARGETED_DEVICE_FAMILY = "1,2,7";
			};
			name = Debug;
		};
		8BA030B12A52D18E00C9658A /* Release */ = {
			isa = XCBuildConfiguration;
			buildSettings = {
				ASSETCATALOG_COMPILER_APPICON_NAME = AppIcon;
				ASSETCATALOG_COMPILER_GLOBAL_ACCENT_COLOR_NAME = AccentColor;
				CODE_SIGN_STYLE = Automatic;
				CURRENT_PROJECT_VERSION = 1;
				DEVELOPMENT_ASSET_PATHS = "\"VisionOSTest/Preview Content\"";
				DEVELOPMENT_TEAM = 5J9S4L22HS;
				ENABLE_PREVIEWS = YES;
				GENERATE_INFOPLIST_FILE = YES;
				INFOPLIST_KEY_UIApplicationSceneManifest_Generation = YES;
				LD_RUNPATH_SEARCH_PATHS = (
					"$(inherited)",
					"@executable_path/Frameworks",
				);
				MARKETING_VERSION = 1.0;
				PRODUCT_BUNDLE_IDENTIFIER = com.pinyi.VisionOSTest;
				PRODUCT_NAME = "$(TARGET_NAME)";
				SUPPORTED_PLATFORMS = "xros xrsimulator";
				SWIFT_EMIT_LOC_STRINGS = YES;
				SWIFT_VERSION = 5.0;
				TARGETED_DEVICE_FAMILY = "1,2,7";
			};
			name = Release;
		};
		8BA030B32A52D18E00C9658A /* Debug */ = {
			isa = XCBuildConfiguration;
			buildSettings = {
				ALWAYS_EMBED_SWIFT_STANDARD_LIBRARIES = YES;
				BUNDLE_LOADER = "$(TEST_HOST)";
				CODE_SIGN_STYLE = Automatic;
				CURRENT_PROJECT_VERSION = 1;
				DEVELOPMENT_TEAM = 5J9S4L22HS;
				GENERATE_INFOPLIST_FILE = YES;
				MARKETING_VERSION = 1.0;
				PRODUCT_BUNDLE_IDENTIFIER = com.pinyi.VisionOSTestTests;
				PRODUCT_NAME = "$(TARGET_NAME)";
				SUPPORTED_PLATFORMS = "xros xrsimulator";
				SWIFT_EMIT_LOC_STRINGS = NO;
				SWIFT_VERSION = 5.0;
				TARGETED_DEVICE_FAMILY = "1,2,7";
				TEST_HOST = "$(BUILT_PRODUCTS_DIR)/VisionOSTest.app/$(BUNDLE_EXECUTABLE_FOLDER_PATH)/VisionOSTest";
				XROS_DEPLOYMENT_TARGET = 1.0;
			};
			name = Debug;
		};
		8BA030B42A52D18E00C9658A /* Release */ = {
			isa = XCBuildConfiguration;
			buildSettings = {
				ALWAYS_EMBED_SWIFT_STANDARD_LIBRARIES = YES;
				BUNDLE_LOADER = "$(TEST_HOST)";
				CODE_SIGN_STYLE = Automatic;
				CURRENT_PROJECT_VERSION = 1;
				DEVELOPMENT_TEAM = 5J9S4L22HS;
				GENERATE_INFOPLIST_FILE = YES;
				MARKETING_VERSION = 1.0;
				PRODUCT_BUNDLE_IDENTIFIER = com.pinyi.VisionOSTestTests;
				PRODUCT_NAME = "$(TARGET_NAME)";
				SUPPORTED_PLATFORMS = "xros xrsimulator";
				SWIFT_EMIT_LOC_STRINGS = NO;
				SWIFT_VERSION = 5.0;
				TARGETED_DEVICE_FAMILY = "1,2,7";
				TEST_HOST = "$(BUILT_PRODUCTS_DIR)/VisionOSTest.app/$(BUNDLE_EXECUTABLE_FOLDER_PATH)/VisionOSTest";
				XROS_DEPLOYMENT_TARGET = 1.0;
			};
			name = Release;
		};
/* End XCBuildConfiguration section */

/* Begin XCConfigurationList section */
		8BA0308E2A52D18D00C9658A /* Build configuration list for PBXProject "VisionOSTest" */ = {
			isa = XCConfigurationList;
			buildConfigurations = (
				8BA030AD2A52D18E00C9658A /* Debug */,
				8BA030AE2A52D18E00C9658A /* Release */,
			);
			defaultConfigurationIsVisible = 0;
			defaultConfigurationName = Release;
		};
		8BA030AF2A52D18E00C9658A /* Build configuration list for PBXNativeTarget "VisionOSTest" */ = {
			isa = XCConfigurationList;
			buildConfigurations = (
				8BA030B02A52D18E00C9658A /* Debug */,
				8BA030B12A52D18E00C9658A /* Release */,
			);
			defaultConfigurationIsVisible = 0;
			defaultConfigurationName = Release;
		};
		8BA030B22A52D18E00C9658A /* Build configuration list for PBXNativeTarget "VisionOSTestTests" */ = {
			isa = XCConfigurationList;
			buildConfigurations = (
				8BA030B32A52D18E00C9658A /* Debug */,
				8BA030B42A52D18E00C9658A /* Release */,
			);
			defaultConfigurationIsVisible = 0;
			defaultConfigurationName = Release;
		};
/* End XCConfigurationList section */

/* Begin XCSwiftPackageProductDependency section */
		8BA030982A52D18D00C9658A /* RealityKitContent */ = {
			isa = XCSwiftPackageProductDependency;
			productName = RealityKitContent;
		};
/* End XCSwiftPackageProductDependency section */
	};
	rootObject = 8BA0308B2A52D18D00C9658A /* Project object */;
}
