// !$*UTF8*$!
{
	archiveVersion = 1;
	classes = {
	};
	objectVersion = 56;
	objects = {

/* Begin PBXBuildFile section */
		8BC75DA72A53A72E0066BAB5 /* RealityKitContent in Frameworks */ = {isa = PBXBuildFile; productRef = 8BC75DA62A53A72E0066BAB5 /* RealityKitContent */; };
		8BC75DA92A53A72E0066BAB5 /* VisionOSTestApp.swift in Sources */ = {isa = PBXBuildFile; fileRef = 8BC75DA82A53A72E0066BAB5 /* VisionOSTestApp.swift */; };
		8BC75DAB2A53A72E0066BAB5 /* ContentView.swift in Sources */ = {isa = PBXBuildFile; fileRef = 8BC75DAA2A53A72E0066BAB5 /* ContentView.swift */; };
		8BC75DAD2A53A72F0066BAB5 /* Assets.xcassets in Resources */ = {isa = PBXBuildFile; fileRef = 8BC75DAC2A53A72F0066BAB5 /* Assets.xcassets */; };
		8BC75DB02A53A72F0066BAB5 /* Preview Assets.xcassets in Resources */ = {isa = PBXBuildFile; fileRef = 8BC75DAF2A53A72F0066BAB5 /* Preview Assets.xcassets */; };
		8BC75DBA2A53A72F0066BAB5 /* VisionOSTestTests.swift in Sources */ = {isa = PBXBuildFile; fileRef = 8BC75DB92A53A72F0066BAB5 /* VisionOSTestTests.swift */; };
/* End PBXBuildFile section */

/* Begin PBXContainerItemProxy section */
		8BC75DB62A53A72F0066BAB5 /* PBXContainerItemProxy */ = {
			isa = PBXContainerItemProxy;
			containerPortal = 8BC75D992A53A72E0066BAB5 /* Project object */;
			proxyType = 1;
			remoteGlobalIDString = 8BC75DA02A53A72E0066BAB5;
			remoteInfo = VisionOSTest;
		};
/* End PBXContainerItemProxy section */

/* Begin PBXFileReference section */
		8BC75DA12A53A72E0066BAB5 /* VisionOSTest.app */ = {isa = PBXFileReference; explicitFileType = wrapper.application; includeInIndex = 0; path = VisionOSTest.app; sourceTree = BUILT_PRODUCTS_DIR; };
		8BC75DA52A53A72E0066BAB5 /* RealityKitContent */ = {isa = PBXFileReference; lastKnownFileType = wrapper; path = RealityKitContent; sourceTree = "<group>"; };
		8BC75DA82A53A72E0066BAB5 /* VisionOSTestApp.swift */ = {isa = PBXFileReference; lastKnownFileType = sourcecode.swift; path = VisionOSTestApp.swift; sourceTree = "<group>"; };
		8BC75DAA2A53A72E0066BAB5 /* ContentView.swift */ = {isa = PBXFileReference; lastKnownFileType = sourcecode.swift; path = ContentView.swift; sourceTree = "<group>"; };
		8BC75DAC2A53A72F0066BAB5 /* Assets.xcassets */ = {isa = PBXFileReference; lastKnownFileType = folder.assetcatalog; path = Assets.xcassets; sourceTree = "<group>"; };
		8BC75DAF2A53A72F0066BAB5 /* Preview Assets.xcassets */ = {isa = PBXFileReference; lastKnownFileType = folder.assetcatalog; path = "Preview Assets.xcassets"; sourceTree = "<group>"; };
		8BC75DB52A53A72F0066BAB5 /* VisionOSTestTests.xctest */ = {isa = PBXFileReference; explicitFileType = wrapper.cfbundle; includeInIndex = 0; path = VisionOSTestTests.xctest; sourceTree = BUILT_PRODUCTS_DIR; };
		8BC75DB92A53A72F0066BAB5 /* VisionOSTestTests.swift */ = {isa = PBXFileReference; lastKnownFileType = sourcecode.swift; path = VisionOSTestTests.swift; sourceTree = "<group>"; };
/* End PBXFileReference section */

/* Begin PBXFrameworksBuildPhase section */
		8BC75D9E2A53A72E0066BAB5 /* Frameworks */ = {
			isa = PBXFrameworksBuildPhase;
			buildActionMask = 2147483647;
			files = (
				8BC75DA72A53A72E0066BAB5 /* RealityKitContent in Frameworks */,
			);
			runOnlyForDeploymentPostprocessing = 0;
		};
		8BC75DB22A53A72F0066BAB5 /* Frameworks */ = {
			isa = PBXFrameworksBuildPhase;
			buildActionMask = 2147483647;
			files = (
			);
			runOnlyForDeploymentPostprocessing = 0;
		};
/* End PBXFrameworksBuildPhase section */

/* Begin PBXGroup section */
		8BC75D982A53A72E0066BAB5 = {
			isa = PBXGroup;
			children = (
				8BC75DA32A53A72E0066BAB5 /* VisionOSTest */,
				8BC75DA42A53A72E0066BAB5 /* Packages */,
				8BC75DB82A53A72F0066BAB5 /* VisionOSTestTests */,
				8BC75DA22A53A72E0066BAB5 /* Products */,
			);
			sourceTree = "<group>";
		};
		8BC75DA22A53A72E0066BAB5 /* Products */ = {
			isa = PBXGroup;
			children = (
				8BC75DA12A53A72E0066BAB5 /* VisionOSTest.app */,
				8BC75DB52A53A72F0066BAB5 /* VisionOSTestTests.xctest */,
			);
			name = Products;
			sourceTree = "<group>";
		};
		8BC75DA32A53A72E0066BAB5 /* VisionOSTest */ = {
			isa = PBXGroup;
			children = (
				8BC75DA82A53A72E0066BAB5 /* VisionOSTestApp.swift */,
				8BC75DAA2A53A72E0066BAB5 /* ContentView.swift */,
				8BC75DAC2A53A72F0066BAB5 /* Assets.xcassets */,
				8BC75DAE2A53A72F0066BAB5 /* Preview Content */,
			);
			path = VisionOSTest;
			sourceTree = "<group>";
		};
		8BC75DA42A53A72E0066BAB5 /* Packages */ = {
			isa = PBXGroup;
			children = (
				8BC75DA52A53A72E0066BAB5 /* RealityKitContent */,
			);
			path = Packages;
			sourceTree = "<group>";
		};
		8BC75DAE2A53A72F0066BAB5 /* Preview Content */ = {
			isa = PBXGroup;
			children = (
				8BC75DAF2A53A72F0066BAB5 /* Preview Assets.xcassets */,
			);
			path = "Preview Content";
			sourceTree = "<group>";
		};
		8BC75DB82A53A72F0066BAB5 /* VisionOSTestTests */ = {
			isa = PBXGroup;
			children = (
				8BC75DB92A53A72F0066BAB5 /* VisionOSTestTests.swift */,
			);
			path = VisionOSTestTests;
			sourceTree = "<group>";
		};
/* End PBXGroup section */

/* Begin PBXNativeTarget section */
		8BC75DA02A53A72E0066BAB5 /* VisionOSTest */ = {
			isa = PBXNativeTarget;
			buildConfigurationList = 8BC75DBD2A53A72F0066BAB5 /* Build configuration list for PBXNativeTarget "VisionOSTest" */;
			buildPhases = (
				8BC75D9D2A53A72E0066BAB5 /* Sources */,
				8BC75D9E2A53A72E0066BAB5 /* Frameworks */,
				8BC75D9F2A53A72E0066BAB5 /* Resources */,
			);
			buildRules = (
			);
			dependencies = (
			);
			name = VisionOSTest;
			packageProductDependencies = (
				8BC75DA62A53A72E0066BAB5 /* RealityKitContent */,
			);
			productName = VisionOSTest;
			productReference = 8BC75DA12A53A72E0066BAB5 /* VisionOSTest.app */;
			productType = "com.apple.product-type.application";
		};
		8BC75DB42A53A72F0066BAB5 /* VisionOSTestTests */ = {
			isa = PBXNativeTarget;
			buildConfigurationList = 8BC75DC02A53A72F0066BAB5 /* Build configuration list for PBXNativeTarget "VisionOSTestTests" */;
			buildPhases = (
				8BC75DB12A53A72F0066BAB5 /* Sources */,
				8BC75DB22A53A72F0066BAB5 /* Frameworks */,
				8BC75DB32A53A72F0066BAB5 /* Resources */,
			);
			buildRules = (
			);
			dependencies = (
				8BC75DB72A53A72F0066BAB5 /* PBXTargetDependency */,
			);
			name = VisionOSTestTests;
			productName = VisionOSTestTests;
			productReference = 8BC75DB52A53A72F0066BAB5 /* VisionOSTestTests.xctest */;
			productType = "com.apple.product-type.bundle.unit-test";
		};
/* End PBXNativeTarget section */

/* Begin PBXProject section */
		8BC75D992A53A72E0066BAB5 /* Project object */ = {
			isa = PBXProject;
			attributes = {
				BuildIndependentTargetsInParallel = 1;
				LastSwiftUpdateCheck = 1500;
				LastUpgradeCheck = 1500;
				TargetAttributes = {
					8BC75DA02A53A72E0066BAB5 = {
						CreatedOnToolsVersion = 15.0;
					};
					8BC75DB42A53A72F0066BAB5 = {
						CreatedOnToolsVersion = 15.0;
						TestTargetID = 8BC75DA02A53A72E0066BAB5;
					};
				};
			};
			buildConfigurationList = 8BC75D9C2A53A72E0066BAB5 /* Build configuration list for PBXProject "VisionOSTest" */;
			compatibilityVersion = "Xcode 14.0";
			developmentRegion = en;
			hasScannedForEncodings = 0;
			knownRegions = (
				en,
				Base,
			);
			mainGroup = 8BC75D982A53A72E0066BAB5;
			productRefGroup = 8BC75DA22A53A72E0066BAB5 /* Products */;
			projectDirPath = "";
			projectRoot = "";
			targets = (
				8BC75DA02A53A72E0066BAB5 /* VisionOSTest */,
				8BC75DB42A53A72F0066BAB5 /* VisionOSTestTests */,
			);
		};
/* End PBXProject section */

/* Begin PBXResourcesBuildPhase section */
		8BC75D9F2A53A72E0066BAB5 /* Resources */ = {
			isa = PBXResourcesBuildPhase;
			buildActionMask = 2147483647;
			files = (
				8BC75DB02A53A72F0066BAB5 /* Preview Assets.xcassets in Resources */,
				8BC75DAD2A53A72F0066BAB5 /* Assets.xcassets in Resources */,
			);
			runOnlyForDeploymentPostprocessing = 0;
		};
		8BC75DB32A53A72F0066BAB5 /* Resources */ = {
			isa = PBXResourcesBuildPhase;
			buildActionMask = 2147483647;
			files = (
			);
			runOnlyForDeploymentPostprocessing = 0;
		};
/* End PBXResourcesBuildPhase section */

/* Begin PBXSourcesBuildPhase section */
		8BC75D9D2A53A72E0066BAB5 /* Sources */ = {
			isa = PBXSourcesBuildPhase;
			buildActionMask = 2147483647;
			files = (
				8BC75DAB2A53A72E0066BAB5 /* ContentView.swift in Sources */,
				8BC75DA92A53A72E0066BAB5 /* VisionOSTestApp.swift in Sources */,
			);
			runOnlyForDeploymentPostprocessing = 0;
		};
		8BC75DB12A53A72F0066BAB5 /* Sources */ = {
			isa = PBXSourcesBuildPhase;
			buildActionMask = 2147483647;
			files = (
				8BC75DBA2A53A72F0066BAB5 /* VisionOSTestTests.swift in Sources */,
			);
			runOnlyForDeploymentPostprocessing = 0;
		};
/* End PBXSourcesBuildPhase section */

/* Begin PBXTargetDependency section */
		8BC75DB72A53A72F0066BAB5 /* PBXTargetDependency */ = {
			isa = PBXTargetDependency;
			target = 8BC75DA02A53A72E0066BAB5 /* VisionOSTest */;
			targetProxy = 8BC75DB62A53A72F0066BAB5 /* PBXContainerItemProxy */;
		};
/* End PBXTargetDependency section */

/* Begin XCBuildConfiguration section */
		8BC75DBB2A53A72F0066BAB5 /* Debug */ = {
			isa = XCBuildConfiguration;
			buildSettings = {
				ALWAYS_SEARCH_USER_PATHS = NO;
				ASSETCATALOG_COMPILER_GENERATE_SWIFT_ASSET_SYMBOL_EXTENSIONS = YES;
				CLANG_ANALYZER_NONNULL = YES;
				CLANG_ANALYZER_NUMBER_OBJECT_CONVERSION = YES_AGGRESSIVE;
				CLANG_CXX_LANGUAGE_STANDARD = "gnu++20";
				CLANG_ENABLE_MODULES = YES;
				CLANG_ENABLE_OBJC_ARC = YES;
				CLANG_ENABLE_OBJC_WEAK = YES;
				CLANG_WARN_BLOCK_CAPTURE_AUTORELEASING = YES;
				CLANG_WARN_BOOL_CONVERSION = YES;
				CLANG_WARN_COMMA = YES;
				CLANG_WARN_CONSTANT_CONVERSION = YES;
				CLANG_WARN_DEPRECATED_OBJC_IMPLEMENTATIONS = YES;
				CLANG_WARN_DIRECT_OBJC_ISA_USAGE = YES_ERROR;
				CLANG_WARN_DOCUMENTATION_COMMENTS = YES;
				CLANG_WARN_EMPTY_BODY = YES;
				CLANG_WARN_ENUM_CONVERSION = YES;
				CLANG_WARN_INFINITE_RECURSION = YES;
				CLANG_WARN_INT_CONVERSION = YES;
				CLANG_WARN_NON_LITERAL_NULL_CONVERSION = YES;
				CLANG_WARN_OBJC_IMPLICIT_RETAIN_SELF = YES;
				CLANG_WARN_OBJC_LITERAL_CONVERSION = YES;
				CLANG_WARN_OBJC_ROOT_CLASS = YES_ERROR;
				CLANG_WARN_QUOTED_INCLUDE_IN_FRAMEWORK_HEADER = YES;
				CLANG_WARN_RANGE_LOOP_ANALYSIS = YES;
				CLANG_WARN_STRICT_PROTOTYPES = YES;
				CLANG_WARN_SUSPICIOUS_MOVE = YES;
				CLANG_WARN_UNGUARDED_AVAILABILITY = YES_AGGRESSIVE;
				CLANG_WARN_UNREACHABLE_CODE = YES;
				CLANG_WARN__DUPLICATE_METHOD_MATCH = YES;
				COPY_PHASE_STRIP = NO;
				DEBUG_INFORMATION_FORMAT = dwarf;
				ENABLE_STRICT_OBJC_MSGSEND = YES;
				ENABLE_TESTABILITY = YES;
				ENABLE_USER_SCRIPT_SANDBOXING = YES;
				GCC_C_LANGUAGE_STANDARD = gnu17;
				GCC_DYNAMIC_NO_PIC = NO;
				GCC_NO_COMMON_BLOCKS = YES;
				GCC_OPTIMIZATION_LEVEL = 0;
				GCC_PREPROCESSOR_DEFINITIONS = (
					"DEBUG=1",
					"$(inherited)",
				);
				GCC_WARN_64_TO_32_BIT_CONVERSION = YES;
				GCC_WARN_ABOUT_RETURN_TYPE = YES_ERROR;
				GCC_WARN_UNDECLARED_SELECTOR = YES;
				GCC_WARN_UNINITIALIZED_AUTOS = YES_AGGRESSIVE;
				GCC_WARN_UNUSED_FUNCTION = YES;
				GCC_WARN_UNUSED_VARIABLE = YES;
				LOCALIZATION_PREFERS_STRING_CATALOGS = YES;
				MTL_ENABLE_DEBUG_INFO = INCLUDE_SOURCE;
				MTL_FAST_MATH = YES;
				ONLY_ACTIVE_ARCH = YES;
				SDKROOT = xros;
				SWIFT_ACTIVE_COMPILATION_CONDITIONS = "DEBUG $(inherited)";
				SWIFT_OPTIMIZATION_LEVEL = "-Onone";
				XROS_DEPLOYMENT_TARGET = 1.0;
			};
			name = Debug;
		};
		8BC75DBC2A53A72F0066BAB5 /* Release */ = {
			isa = XCBuildConfiguration;
			buildSettings = {
				ALWAYS_SEARCH_USER_PATHS = NO;
				ASSETCATALOG_COMPILER_GENERATE_SWIFT_ASSET_SYMBOL_EXTENSIONS = YES;
				CLANG_ANALYZER_NONNULL = YES;
				CLANG_ANALYZER_NUMBER_OBJECT_CONVERSION = YES_AGGRESSIVE;
				CLANG_CXX_LANGUAGE_STANDARD = "gnu++20";
				CLANG_ENABLE_MODULES = YES;
				CLANG_ENABLE_OBJC_ARC = YES;
				CLANG_ENABLE_OBJC_WEAK = YES;
				CLANG_WARN_BLOCK_CAPTURE_AUTORELEASING = YES;
				CLANG_WARN_BOOL_CONVERSION = YES;
				CLANG_WARN_COMMA = YES;
				CLANG_WARN_CONSTANT_CONVERSION = YES;
				CLANG_WARN_DEPRECATED_OBJC_IMPLEMENTATIONS = YES;
				CLANG_WARN_DIRECT_OBJC_ISA_USAGE = YES_ERROR;
				CLANG_WARN_DOCUMENTATION_COMMENTS = YES;
				CLANG_WARN_EMPTY_BODY = YES;
				CLANG_WARN_ENUM_CONVERSION = YES;
				CLANG_WARN_INFINITE_RECURSION = YES;
				CLANG_WARN_INT_CONVERSION = YES;
				CLANG_WARN_NON_LITERAL_NULL_CONVERSION = YES;
				CLANG_WARN_OBJC_IMPLICIT_RETAIN_SELF = YES;
				CLANG_WARN_OBJC_LITERAL_CONVERSION = YES;
				CLANG_WARN_OBJC_ROOT_CLASS = YES_ERROR;
				CLANG_WARN_QUOTED_INCLUDE_IN_FRAMEWORK_HEADER = YES;
				CLANG_WARN_RANGE_LOOP_ANALYSIS = YES;
				CLANG_WARN_STRICT_PROTOTYPES = YES;
				CLANG_WARN_SUSPICIOUS_MOVE = YES;
				CLANG_WARN_UNGUARDED_AVAILABILITY = YES_AGGRESSIVE;
				CLANG_WARN_UNREACHABLE_CODE = YES;
				CLANG_WARN__DUPLICATE_METHOD_MATCH = YES;
				COPY_PHASE_STRIP = NO;
				DEBUG_INFORMATION_FORMAT = "dwarf-with-dsym";
				ENABLE_NS_ASSERTIONS = NO;
				ENABLE_STRICT_OBJC_MSGSEND = YES;
				ENABLE_USER_SCRIPT_SANDBOXING = YES;
				GCC_C_LANGUAGE_STANDARD = gnu17;
				GCC_NO_COMMON_BLOCKS = YES;
				GCC_WARN_64_TO_32_BIT_CONVERSION = YES;
				GCC_WARN_ABOUT_RETURN_TYPE = YES_ERROR;
				GCC_WARN_UNDECLARED_SELECTOR = YES;
				GCC_WARN_UNINITIALIZED_AUTOS = YES_AGGRESSIVE;
				GCC_WARN_UNUSED_FUNCTION = YES;
				GCC_WARN_UNUSED_VARIABLE = YES;
				LOCALIZATION_PREFERS_STRING_CATALOGS = YES;
				MTL_ENABLE_DEBUG_INFO = NO;
				MTL_FAST_MATH = YES;
				SDKROOT = xros;
				SWIFT_COMPILATION_MODE = wholemodule;
				VALIDATE_PRODUCT = YES;
				XROS_DEPLOYMENT_TARGET = 1.0;
			};
			name = Release;
		};
		8BC75DBE2A53A72F0066BAB5 /* Debug */ = {
			isa = XCBuildConfiguration;
			buildSettings = {
				ASSETCATALOG_COMPILER_APPICON_NAME = AppIcon;
				ASSETCATALOG_COMPILER_GLOBAL_ACCENT_COLOR_NAME = AccentColor;
				CODE_SIGN_STYLE = Automatic;
				CURRENT_PROJECT_VERSION = 1;
				DEVELOPMENT_ASSET_PATHS = "\"VisionOSTest/Preview Content\"";
				DEVELOPMENT_TEAM = 5J9S4L22HS;
				ENABLE_PREVIEWS = YES;
				GENERATE_INFOPLIST_FILE = YES;
				INFOPLIST_KEY_UIApplicationSceneManifest_Generation = YES;
				LD_RUNPATH_SEARCH_PATHS = (
					"$(inherited)",
					"@executable_path/Frameworks",
				);
				MARKETING_VERSION = 1.0;
				PRODUCT_BUNDLE_IDENTIFIER = com.pinyi.VisionOSTest;
				PRODUCT_NAME = "$(TARGET_NAME)";
				SUPPORTED_PLATFORMS = "xros xrsimulator";
				SWIFT_EMIT_LOC_STRINGS = YES;
				SWIFT_VERSION = 5.0;
				TARGETED_DEVICE_FAMILY = "1,2,7";
			};
			name = Debug;
		};
		8BC75DBF2A53A72F0066BAB5 /* Release */ = {
			isa = XCBuildConfiguration;
			buildSettings = {
				ASSETCATALOG_COMPILER_APPICON_NAME = AppIcon;
				ASSETCATALOG_COMPILER_GLOBAL_ACCENT_COLOR_NAME = AccentColor;
				CODE_SIGN_STYLE = Automatic;
				CURRENT_PROJECT_VERSION = 1;
				DEVELOPMENT_ASSET_PATHS = "\"VisionOSTest/Preview Content\"";
				DEVELOPMENT_TEAM = 5J9S4L22HS;
				ENABLE_PREVIEWS = YES;
				GENERATE_INFOPLIST_FILE = YES;
				INFOPLIST_KEY_UIApplicationSceneManifest_Generation = YES;
				LD_RUNPATH_SEARCH_PATHS = (
					"$(inherited)",
					"@executable_path/Frameworks",
				);
				MARKETING_VERSION = 1.0;
				PRODUCT_BUNDLE_IDENTIFIER = com.pinyi.VisionOSTest;
				PRODUCT_NAME = "$(TARGET_NAME)";
				SUPPORTED_PLATFORMS = "xros xrsimulator";
				SWIFT_EMIT_LOC_STRINGS = YES;
				SWIFT_VERSION = 5.0;
				TARGETED_DEVICE_FAMILY = "1,2,7";
			};
			name = Release;
		};
		8BC75DC12A53A72F0066BAB5 /* Debug */ = {
			isa = XCBuildConfiguration;
			buildSettings = {
				ALWAYS_EMBED_SWIFT_STANDARD_LIBRARIES = YES;
				BUNDLE_LOADER = "$(TEST_HOST)";
				CODE_SIGN_STYLE = Automatic;
				CURRENT_PROJECT_VERSION = 1;
				DEVELOPMENT_TEAM = 5J9S4L22HS;
				GENERATE_INFOPLIST_FILE = YES;
				MARKETING_VERSION = 1.0;
				PRODUCT_BUNDLE_IDENTIFIER = com.pinyi.VisionOSTestTests;
				PRODUCT_NAME = "$(TARGET_NAME)";
				SUPPORTED_PLATFORMS = "xros xrsimulator";
				SWIFT_EMIT_LOC_STRINGS = NO;
				SWIFT_VERSION = 5.0;
				TARGETED_DEVICE_FAMILY = "1,2,7";
				TEST_HOST = "$(BUILT_PRODUCTS_DIR)/VisionOSTest.app/$(BUNDLE_EXECUTABLE_FOLDER_PATH)/VisionOSTest";
				XROS_DEPLOYMENT_TARGET = 1.0;
			};
			name = Debug;
		};
		8BC75DC22A53A72F0066BAB5 /* Release */ = {
			isa = XCBuildConfiguration;
			buildSettings = {
				ALWAYS_EMBED_SWIFT_STANDARD_LIBRARIES = YES;
				BUNDLE_LOADER = "$(TEST_HOST)";
				CODE_SIGN_STYLE = Automatic;
				CURRENT_PROJECT_VERSION = 1;
				DEVELOPMENT_TEAM = 5J9S4L22HS;
				GENERATE_INFOPLIST_FILE = YES;
				MARKETING_VERSION = 1.0;
				PRODUCT_BUNDLE_IDENTIFIER = com.pinyi.VisionOSTestTests;
				PRODUCT_NAME = "$(TARGET_NAME)";
				SUPPORTED_PLATFORMS = "xros xrsimulator";
				SWIFT_EMIT_LOC_STRINGS = NO;
				SWIFT_VERSION = 5.0;
				TARGETED_DEVICE_FAMILY = "1,2,7";
				TEST_HOST = "$(BUILT_PRODUCTS_DIR)/VisionOSTest.app/$(BUNDLE_EXECUTABLE_FOLDER_PATH)/VisionOSTest";
				XROS_DEPLOYMENT_TARGET = 1.0;
			};
			name = Release;
		};
/* End XCBuildConfiguration section */

/* Begin XCConfigurationList section */
		8BC75D9C2A53A72E0066BAB5 /* Build configuration list for PBXProject "VisionOSTest" */ = {
			isa = XCConfigurationList;
			buildConfigurations = (
				8BC75DBB2A53A72F0066BAB5 /* Debug */,
				8BC75DBC2A53A72F0066BAB5 /* Release */,
			);
			defaultConfigurationIsVisible = 0;
			defaultConfigurationName = Release;
		};
		8BC75DBD2A53A72F0066BAB5 /* Build configuration list for PBXNativeTarget "VisionOSTest" */ = {
			isa = XCConfigurationList;
			buildConfigurations = (
				8BC75DBE2A53A72F0066BAB5 /* Debug */,
				8BC75DBF2A53A72F0066BAB5 /* Release */,
			);
			defaultConfigurationIsVisible = 0;
			defaultConfigurationName = Release;
		};
		8BC75DC02A53A72F0066BAB5 /* Build configuration list for PBXNativeTarget "VisionOSTestTests" */ = {
			isa = XCConfigurationList;
			buildConfigurations = (
				8BC75DC12A53A72F0066BAB5 /* Debug */,
				8BC75DC22A53A72F0066BAB5 /* Release */,
			);
			defaultConfigurationIsVisible = 0;
			defaultConfigurationName = Release;
		};
/* End XCConfigurationList section */

/* Begin XCSwiftPackageProductDependency section */
		8BC75DA62A53A72E0066BAB5 /* RealityKitContent */ = {
			isa = XCSwiftPackageProductDependency;
			productName = RealityKitContent;
		};
/* End XCSwiftPackageProductDependency section */
	};
	rootObject = 8BC75D992A53A72E0066BAB5 /* Project object */;
}
